
Microsoft Visual Studio Solution File, Format Version 12.00
# Visual Studio Version 17
VisualStudioVersion = 17.8.34525.116
MinimumVisualStudioVersion = 10.0.40219.1
Project("{FAE04EC0-301F-11D3-BF4B-00C04F79EFBC}") = "InForno", "InForno.csproj", "{08C5A671-B65C-4315-980A-48D0039F77EA}"
EndProject
Global
	GlobalSection(SolutionConfigurationPlatforms) = preSolution
		Debug|Any CPU = Debug|Any CPU
		Release|Any CPU = Release|Any CPU
	EndGlobalSection
	GlobalSection(ProjectConfigurationPlatforms) = postSolution
		{08C5A671-B65C-4315-980A-48D0039F77EA}.Debug|Any CPU.ActiveCfg = Debug|Any CPU
		{08C5A671-B65C-4315-980A-48D0039F77EA}.Debug|Any CPU.Build.0 = Debug|Any CPU
		{08C5A671-B65C-4315-980A-48D0039F77EA}.Release|Any CPU.ActiveCfg = Release|Any CPU
		{08C5A671-B65C-4315-980A-48D0039F77EA}.Release|Any CPU.Build.0 = Release|Any CPU
	EndGlobalSection
	GlobalSection(SolutionProperties) = preSolution
		HideSolutionNode = FALSE
	EndGlobalSection
	GlobalSection(ExtensibilityGlobals) = postSolution
		SolutionGuid = {E139AD06-369B-4CBB-9C72-5A3A109A6409}
	EndGlobalSection
EndGlobal
